
Microsoft Visual Studio Solution File, Format Version 12.00
# Visual Studio Version 17
VisualStudioVersion = 17.10.34916.146
MinimumVisualStudioVersion = 10.0.40219.1
Project("{FAE04EC0-301F-11D3-BF4B-00C04F79EFBC}") = "JokesWebApp", "JokesWebApp.csproj", "{B3291D58-D50F-48F7-9F79-8C8AF151546E}"
EndProject
Global
	GlobalSection(SolutionConfigurationPlatforms) = preSolution
		Debug|Any CPU = Debug|Any CPU
		Release|Any CPU = Release|Any CPU
	EndGlobalSection
	GlobalSection(ProjectConfigurationPlatforms) = postSolution
		{B3291D58-D50F-48F7-9F79-8C8AF151546E}.Debug|Any CPU.ActiveCfg = Debug|Any CPU
		{B3291D58-D50F-48F7-9F79-8C8AF151546E}.Debug|Any CPU.Build.0 = Debug|Any CPU
		{B3291D58-D50F-48F7-9F79-8C8AF151546E}.Release|Any CPU.ActiveCfg = Release|Any CPU
		{B3291D58-D50F-48F7-9F79-8C8AF151546E}.Release|Any CPU.Build.0 = Release|Any CPU
	EndGlobalSection
	GlobalSection(SolutionProperties) = preSolution
		HideSolutionNode = FALSE
	EndGlobalSection
	GlobalSection(ExtensibilityGlobals) = postSolution
		SolutionGuid = {C3DF41C0-2A36-4EF3-BBC9-311531759472}
	EndGlobalSection
EndGlobal
